
Microsoft Visual Studio Solution File, Format Version 12.00
# Visual Studio 15
VisualStudioVersion = 15.0.26124.0
MinimumVisualStudioVersion = 15.0.26124.0
Project("{FAE04EC0-301F-11D3-BF4B-00C04F79EFBC}") = "FspScraper.Common", "FspScraper.Common\FspScraper.Common.csproj", "{08829271-07C8-4FF9-BB62-AA18343E4A20}"
EndProject
Project("{FAE04EC0-301F-11D3-BF4B-00C04F79EFBC}") = "FspScraper.Parser", "FspScraper.Parser\FspScraper.Parser.csproj", "{DCAC63BF-DB41-4A1F-B84C-ADF8C664D53B}"
EndProject
Project("{FAE04EC0-301F-11D3-BF4B-00C04F79EFBC}") = "FspScraper.Scraper", "FspScraper.Scraper\FspScraper.Scraper.csproj", "{9AFCB9CB-3EDF-4A5D-AE92-D7B15DB46A6E}"
EndProject
Project("{FAE04EC0-301F-11D3-BF4B-00C04F79EFBC}") = "FspScraper.WebAPI", "FspScraper.WebAPI\FspScraper.WebAPI.csproj", "{F5E308DC-244F-4944-8E52-FC4E94C0BB8C}"
EndProject
Global
	GlobalSection(SolutionConfigurationPlatforms) = preSolution
		Debug|Any CPU = Debug|Any CPU
		Debug|x64 = Debug|x64
		Debug|x86 = Debug|x86
		Release|Any CPU = Release|Any CPU
		Release|x64 = Release|x64
		Release|x86 = Release|x86
	EndGlobalSection
	GlobalSection(SolutionProperties) = preSolution
		HideSolutionNode = FALSE
	EndGlobalSection
	GlobalSection(ProjectConfigurationPlatforms) = postSolution
		{08829271-07C8-4FF9-BB62-AA18343E4A20}.Debug|Any CPU.ActiveCfg = Debug|Any CPU
		{08829271-07C8-4FF9-BB62-AA18343E4A20}.Debug|Any CPU.Build.0 = Debug|Any CPU
		{08829271-07C8-4FF9-BB62-AA18343E4A20}.Debug|x64.ActiveCfg = Debug|Any CPU
		{08829271-07C8-4FF9-BB62-AA18343E4A20}.Debug|x64.Build.0 = Debug|Any CPU
		{08829271-07C8-4FF9-BB62-AA18343E4A20}.Debug|x86.ActiveCfg = Debug|Any CPU
		{08829271-07C8-4FF9-BB62-AA18343E4A20}.Debug|x86.Build.0 = Debug|Any CPU
		{08829271-07C8-4FF9-BB62-AA18343E4A20}.Release|Any CPU.ActiveCfg = Release|Any CPU
		{08829271-07C8-4FF9-BB62-AA18343E4A20}.Release|Any CPU.Build.0 = Release|Any CPU
		{08829271-07C8-4FF9-BB62-AA18343E4A20}.Release|x64.ActiveCfg = Release|Any CPU
		{08829271-07C8-4FF9-BB62-AA18343E4A20}.Release|x64.Build.0 = Release|Any CPU
		{08829271-07C8-4FF9-BB62-AA18343E4A20}.Release|x86.ActiveCfg = Release|Any CPU
		{08829271-07C8-4FF9-BB62-AA18343E4A20}.Release|x86.Build.0 = Release|Any CPU
		{DCAC63BF-DB41-4A1F-B84C-ADF8C664D53B}.Debug|Any CPU.ActiveCfg = Debug|Any CPU
		{DCAC63BF-DB41-4A1F-B84C-ADF8C664D53B}.Debug|Any CPU.Build.0 = Debug|Any CPU
		{DCAC63BF-DB41-4A1F-B84C-ADF8C664D53B}.Debug|x64.ActiveCfg = Debug|Any CPU
		{DCAC63BF-DB41-4A1F-B84C-ADF8C664D53B}.Debug|x64.Build.0 = Debug|Any CPU
		{DCAC63BF-DB41-4A1F-B84C-ADF8C664D53B}.Debug|x86.ActiveCfg = Debug|Any CPU
		{DCAC63BF-DB41-4A1F-B84C-ADF8C664D53B}.Debug|x86.Build.0 = Debug|Any CPU
		{DCAC63BF-DB41-4A1F-B84C-ADF8C664D53B}.Release|Any CPU.ActiveCfg = Release|Any CPU
		{DCAC63BF-DB41-4A1F-B84C-ADF8C664D53B}.Release|Any CPU.Build.0 = Release|Any CPU
		{DCAC63BF-DB41-4A1F-B84C-ADF8C664D53B}.Release|x64.ActiveCfg = Release|Any CPU
		{DCAC63BF-DB41-4A1F-B84C-ADF8C664D53B}.Release|x64.Build.0 = Release|Any CPU
		{DCAC63BF-DB41-4A1F-B84C-ADF8C664D53B}.Release|x86.ActiveCfg = Release|Any CPU
		{DCAC63BF-DB41-4A1F-B84C-ADF8C664D53B}.Release|x86.Build.0 = Release|Any CPU
		{9AFCB9CB-3EDF-4A5D-AE92-D7B15DB46A6E}.Debug|Any CPU.ActiveCfg = Debug|Any CPU
		{9AFCB9CB-3EDF-4A5D-AE92-D7B15DB46A6E}.Debug|Any CPU.Build.0 = Debug|Any CPU
		{9AFCB9CB-3EDF-4A5D-AE92-D7B15DB46A6E}.Debug|x64.ActiveCfg = Debug|Any CPU
		{9AFCB9CB-3EDF-4A5D-AE92-D7B15DB46A6E}.Debug|x64.Build.0 = Debug|Any CPU
		{9AFCB9CB-3EDF-4A5D-AE92-D7B15DB46A6E}.Debug|x86.ActiveCfg = Debug|Any CPU
		{9AFCB9CB-3EDF-4A5D-AE92-D7B15DB46A6E}.Debug|x86.Build.0 = Debug|Any CPU
		{9AFCB9CB-3EDF-4A5D-AE92-D7B15DB46A6E}.Release|Any CPU.ActiveCfg = Release|Any CPU
		{9AFCB9CB-3EDF-4A5D-AE92-D7B15DB46A6E}.Release|Any CPU.Build.0 = Release|Any CPU
		{9AFCB9CB-3EDF-4A5D-AE92-D7B15DB46A6E}.Release|x64.ActiveCfg = Release|Any CPU
		{9AFCB9CB-3EDF-4A5D-AE92-D7B15DB46A6E}.Release|x64.Build.0 = Release|Any CPU
		{9AFCB9CB-3EDF-4A5D-AE92-D7B15DB46A6E}.Release|x86.ActiveCfg = Release|Any CPU
		{9AFCB9CB-3EDF-4A5D-AE92-D7B15DB46A6E}.Release|x86.Build.0 = Release|Any CPU
		{F5E308DC-244F-4944-8E52-FC4E94C0BB8C}.Debug|Any CPU.ActiveCfg = Debug|Any CPU
		{F5E308DC-244F-4944-8E52-FC4E94C0BB8C}.Debug|Any CPU.Build.0 = Debug|Any CPU
		{F5E308DC-244F-4944-8E52-FC4E94C0BB8C}.Debug|x64.ActiveCfg = Debug|Any CPU
		{F5E308DC-244F-4944-8E52-FC4E94C0BB8C}.Debug|x64.Build.0 = Debug|Any CPU
		{F5E308DC-244F-4944-8E52-FC4E94C0BB8C}.Debug|x86.ActiveCfg = Debug|Any CPU
		{F5E308DC-244F-4944-8E52-FC4E94C0BB8C}.Debug|x86.Build.0 = Debug|Any CPU
		{F5E308DC-244F-4944-8E52-FC4E94C0BB8C}.Release|Any CPU.ActiveCfg = Release|Any CPU
		{F5E308DC-244F-4944-8E52-FC4E94C0BB8C}.Release|Any CPU.Build.0 = Release|Any CPU
		{F5E308DC-244F-4944-8E52-FC4E94C0BB8C}.Release|x64.ActiveCfg = Release|Any CPU
		{F5E308DC-244F-4944-8E52-FC4E94C0BB8C}.Release|x64.Build.0 = Release|Any CPU
		{F5E308DC-244F-4944-8E52-FC4E94C0BB8C}.Release|x86.ActiveCfg = Release|Any CPU
		{F5E308DC-244F-4944-8E52-FC4E94C0BB8C}.Release|x86.Build.0 = Release|Any CPU
	EndGlobalSection
EndGlobal
